
Microsoft Visual Studio Solution File, Format Version 12.00
# Visual Studio 14
VisualStudioVersion = 14.0.25420.1
MinimumVisualStudioVersion = 10.0.40219.1
Project("{FAE04EC0-301F-11D3-BF4B-00C04F79EFBC}") = "DataCollector.TestScadaDBConnection", "TestScadaDBConnection\DataCollector.TestScadaDBConnection.csproj", "{B743D88A-5D64-4352-B507-3F19CCE24ED6}"
EndProject
Project("{FAE04EC0-301F-11D3-BF4B-00C04F79EFBC}") = "DataCollector.DataAccess", "DataCollector.DataAccess\DataCollector.DataAccess.csproj", "{DFBD5276-3749-48F3-AA06-E5A276620FED}"
EndProject
Project("{FAE04EC0-301F-11D3-BF4B-00C04F79EFBC}") = "PackageManager", "PackageManager\PackageManager.csproj", "{8AEF95AE-22F4-4842-9A0B-20CD3CE18128}"
EndProject
Project("{FAE04EC0-301F-11D3-BF4B-00C04F79EFBC}") = "DataCollector.Scheduler", "DataCollector.Scheduler\DataCollector.Scheduler.csproj", "{9E59F6C3-3F71-4082-90C8-62629022B41F}"
EndProject
Project("{FAE04EC0-301F-11D3-BF4B-00C04F79EFBC}") = "DataCollector.Api", "DataCollector.Api\DataCollector.Api.csproj", "{72474BB8-E2A6-40AF-BE58-D4165AC53433}"
EndProject
Project("{FAE04EC0-301F-11D3-BF4B-00C04F79EFBC}") = "DataCollector.Encryptor", "DataCollector.Encryptor\DataCollector.Encryptor.csproj", "{2E7DB45C-9C05-4572-949D-7CC37103104A}"
EndProject
Project("{FAE04EC0-301F-11D3-BF4B-00C04F79EFBC}") = "DataRelay.WcfHost", "DataRelay.WcfHost\DataRelay.WcfHost.csproj", "{90A87834-9C6E-47CD-A52C-1E10768DE232}"
EndProject
Project("{FAE04EC0-301F-11D3-BF4B-00C04F79EFBC}") = "DataRelay.QueueProcessor", "DataRelay.QueueProcessor\DataRelay.QueueProcessor.csproj", "{A0D50CC9-586E-4F7E-BB37-F5C906033091}"
EndProject
Project("{2150E333-8FDC-42A3-9474-1A3956D46DE8}") = "DataCollector", "DataCollector", "{1543824C-AAAB-4503-A470-C57D603CEF53}"
EndProject
Project("{2150E333-8FDC-42A3-9474-1A3956D46DE8}") = "DataRelay", "DataRelay", "{C44339DD-13FF-4879-A9B8-0E466FCDFF3D}"
EndProject
Project("{FAE04EC0-301F-11D3-BF4B-00C04F79EFBC}") = "DataRelay.WcfHostTester", "DataRelay.WcfHostTester\DataRelay.WcfHostTester.csproj", "{2F1B9283-268C-45FC-A970-B55B4D3CA1BD}"
	ProjectSection(ProjectDependencies) = postProject
		{90A87834-9C6E-47CD-A52C-1E10768DE232} = {90A87834-9C6E-47CD-A52C-1E10768DE232}
	EndProjectSection
EndProject
Global
	GlobalSection(SolutionConfigurationPlatforms) = preSolution
		Debug|Any CPU = Debug|Any CPU
		Release|Any CPU = Release|Any CPU
	EndGlobalSection
	GlobalSection(ProjectConfigurationPlatforms) = postSolution
		{B743D88A-5D64-4352-B507-3F19CCE24ED6}.Debug|Any CPU.ActiveCfg = Debug|Any CPU
		{B743D88A-5D64-4352-B507-3F19CCE24ED6}.Debug|Any CPU.Build.0 = Debug|Any CPU
		{B743D88A-5D64-4352-B507-3F19CCE24ED6}.Release|Any CPU.ActiveCfg = Release|Any CPU
		{B743D88A-5D64-4352-B507-3F19CCE24ED6}.Release|Any CPU.Build.0 = Release|Any CPU
		{DFBD5276-3749-48F3-AA06-E5A276620FED}.Debug|Any CPU.ActiveCfg = Debug|Any CPU
		{DFBD5276-3749-48F3-AA06-E5A276620FED}.Debug|Any CPU.Build.0 = Debug|Any CPU
		{DFBD5276-3749-48F3-AA06-E5A276620FED}.Release|Any CPU.ActiveCfg = Release|Any CPU
		{DFBD5276-3749-48F3-AA06-E5A276620FED}.Release|Any CPU.Build.0 = Release|Any CPU
		{8AEF95AE-22F4-4842-9A0B-20CD3CE18128}.Debug|Any CPU.ActiveCfg = Debug|Any CPU
		{8AEF95AE-22F4-4842-9A0B-20CD3CE18128}.Debug|Any CPU.Build.0 = Debug|Any CPU
		{8AEF95AE-22F4-4842-9A0B-20CD3CE18128}.Release|Any CPU.ActiveCfg = Release|Any CPU
		{8AEF95AE-22F4-4842-9A0B-20CD3CE18128}.Release|Any CPU.Build.0 = Release|Any CPU
		{9E59F6C3-3F71-4082-90C8-62629022B41F}.Debug|Any CPU.ActiveCfg = Debug|Any CPU
		{9E59F6C3-3F71-4082-90C8-62629022B41F}.Debug|Any CPU.Build.0 = Debug|Any CPU
		{9E59F6C3-3F71-4082-90C8-62629022B41F}.Release|Any CPU.ActiveCfg = Release|Any CPU
		{9E59F6C3-3F71-4082-90C8-62629022B41F}.Release|Any CPU.Build.0 = Release|Any CPU
		{72474BB8-E2A6-40AF-BE58-D4165AC53433}.Debug|Any CPU.ActiveCfg = Debug|Any CPU
		{72474BB8-E2A6-40AF-BE58-D4165AC53433}.Debug|Any CPU.Build.0 = Debug|Any CPU
		{72474BB8-E2A6-40AF-BE58-D4165AC53433}.Release|Any CPU.ActiveCfg = Release|Any CPU
		{72474BB8-E2A6-40AF-BE58-D4165AC53433}.Release|Any CPU.Build.0 = Release|Any CPU
		{2E7DB45C-9C05-4572-949D-7CC37103104A}.Debug|Any CPU.ActiveCfg = Debug|Any CPU
		{2E7DB45C-9C05-4572-949D-7CC37103104A}.Debug|Any CPU.Build.0 = Debug|Any CPU
		{2E7DB45C-9C05-4572-949D-7CC37103104A}.Release|Any CPU.ActiveCfg = Release|Any CPU
		{2E7DB45C-9C05-4572-949D-7CC37103104A}.Release|Any CPU.Build.0 = Release|Any CPU
		{90A87834-9C6E-47CD-A52C-1E10768DE232}.Debug|Any CPU.ActiveCfg = Debug|Any CPU
		{90A87834-9C6E-47CD-A52C-1E10768DE232}.Debug|Any CPU.Build.0 = Debug|Any CPU
		{90A87834-9C6E-47CD-A52C-1E10768DE232}.Release|Any CPU.ActiveCfg = Release|Any CPU
		{90A87834-9C6E-47CD-A52C-1E10768DE232}.Release|Any CPU.Build.0 = Release|Any CPU
		{A0D50CC9-586E-4F7E-BB37-F5C906033091}.Debug|Any CPU.ActiveCfg = Debug|Any CPU
		{A0D50CC9-586E-4F7E-BB37-F5C906033091}.Debug|Any CPU.Build.0 = Debug|Any CPU
		{A0D50CC9-586E-4F7E-BB37-F5C906033091}.Release|Any CPU.ActiveCfg = Release|Any CPU
		{A0D50CC9-586E-4F7E-BB37-F5C906033091}.Release|Any CPU.Build.0 = Release|Any CPU
		{2F1B9283-268C-45FC-A970-B55B4D3CA1BD}.Debug|Any CPU.ActiveCfg = Debug|Any CPU
		{2F1B9283-268C-45FC-A970-B55B4D3CA1BD}.Debug|Any CPU.Build.0 = Debug|Any CPU
		{2F1B9283-268C-45FC-A970-B55B4D3CA1BD}.Release|Any CPU.ActiveCfg = Release|Any CPU
		{2F1B9283-268C-45FC-A970-B55B4D3CA1BD}.Release|Any CPU.Build.0 = Release|Any CPU
	EndGlobalSection
	GlobalSection(SolutionProperties) = preSolution
		HideSolutionNode = FALSE
	EndGlobalSection
	GlobalSection(NestedProjects) = preSolution
		{B743D88A-5D64-4352-B507-3F19CCE24ED6} = {1543824C-AAAB-4503-A470-C57D603CEF53}
		{DFBD5276-3749-48F3-AA06-E5A276620FED} = {1543824C-AAAB-4503-A470-C57D603CEF53}
		{9E59F6C3-3F71-4082-90C8-62629022B41F} = {1543824C-AAAB-4503-A470-C57D603CEF53}
		{72474BB8-E2A6-40AF-BE58-D4165AC53433} = {1543824C-AAAB-4503-A470-C57D603CEF53}
		{2E7DB45C-9C05-4572-949D-7CC37103104A} = {1543824C-AAAB-4503-A470-C57D603CEF53}
		{90A87834-9C6E-47CD-A52C-1E10768DE232} = {C44339DD-13FF-4879-A9B8-0E466FCDFF3D}
		{A0D50CC9-586E-4F7E-BB37-F5C906033091} = {C44339DD-13FF-4879-A9B8-0E466FCDFF3D}
		{2F1B9283-268C-45FC-A970-B55B4D3CA1BD} = {C44339DD-13FF-4879-A9B8-0E466FCDFF3D}
	EndGlobalSection
EndGlobal
